
Microsoft Visual Studio Solution File, Format Version 12.00
# Visual Studio Version 16
VisualStudioVersion = 16.0.30128.74
MinimumVisualStudioVersion = 10.0.40219.1
Project("{9A19103F-16F7-4668-BE54-9A1E7A4F7556}") = "Auth.DataLayer", "Auth.DataLayer\Auth.DataLayer.csproj", "{AC9EF2FB-4B2F-40E9-95E7-C3EC1FCE449F}"
EndProject
Project("{9A19103F-16F7-4668-BE54-9A1E7A4F7556}") = "Auth.Services", "Auth.Services\Auth.Services.csproj", "{DF87FBD9-380A-4B83-8723-91077ABF04AF}"
EndProject
Project("{9A19103F-16F7-4668-BE54-9A1E7A4F7556}") = "Auth.Web", "Auth.Web\Auth.Web.csproj", "{4E2C57B0-2E3E-4B69-BE55-1061FE2E815B}"
EndProject
Global
	GlobalSection(SolutionConfigurationPlatforms) = preSolution
		Debug|Any CPU = Debug|Any CPU
		Release|Any CPU = Release|Any CPU
	EndGlobalSection
	GlobalSection(ProjectConfigurationPlatforms) = postSolution
		{AC9EF2FB-4B2F-40E9-95E7-C3EC1FCE449F}.Debug|Any CPU.ActiveCfg = Debug|Any CPU
		{AC9EF2FB-4B2F-40E9-95E7-C3EC1FCE449F}.Debug|Any CPU.Build.0 = Debug|Any CPU
		{AC9EF2FB-4B2F-40E9-95E7-C3EC1FCE449F}.Release|Any CPU.ActiveCfg = Release|Any CPU
		{AC9EF2FB-4B2F-40E9-95E7-C3EC1FCE449F}.Release|Any CPU.Build.0 = Release|Any CPU
		{DF87FBD9-380A-4B83-8723-91077ABF04AF}.Debug|Any CPU.ActiveCfg = Debug|Any CPU
		{DF87FBD9-380A-4B83-8723-91077ABF04AF}.Debug|Any CPU.Build.0 = Debug|Any CPU
		{DF87FBD9-380A-4B83-8723-91077ABF04AF}.Release|Any CPU.ActiveCfg = Release|Any CPU
		{DF87FBD9-380A-4B83-8723-91077ABF04AF}.Release|Any CPU.Build.0 = Release|Any CPU
		{4E2C57B0-2E3E-4B69-BE55-1061FE2E815B}.Debug|Any CPU.ActiveCfg = Debug|Any CPU
		{4E2C57B0-2E3E-4B69-BE55-1061FE2E815B}.Debug|Any CPU.Build.0 = Debug|Any CPU
		{4E2C57B0-2E3E-4B69-BE55-1061FE2E815B}.Release|Any CPU.ActiveCfg = Release|Any CPU
		{4E2C57B0-2E3E-4B69-BE55-1061FE2E815B}.Release|Any CPU.Build.0 = Release|Any CPU
	EndGlobalSection
	GlobalSection(SolutionProperties) = preSolution
		HideSolutionNode = FALSE
	EndGlobalSection
	GlobalSection(ExtensibilityGlobals) = postSolution
		SolutionGuid = {CBA63FCC-1003-4755-AB4F-75CCFF930C18}
	EndGlobalSection
EndGlobal
